
Microsoft Visual Studio Solution File, Format Version 12.00
# Visual Studio Version 17
VisualStudioVersion = 17.1.32210.238
MinimumVisualStudioVersion = 10.0.40219.1
Project("{9A19103F-16F7-4668-BE54-9A1E7A4F7556}") = "TestConsoleApp", "TestConsoleApp\TestConsoleApp.csproj", "{1880E03C-BD05-4EAB-B09E-409C95CB1616}"
EndProject
Project("{FAE04EC0-301F-11D3-BF4B-00C04F79EFBC}") = "WebUi", "WebUi\WebUi.csproj", "{06D2AE86-0B24-4B4C-9907-117AE1A66D31}"
EndProject
Global
	GlobalSection(SolutionConfigurationPlatforms) = preSolution
		Debug|Any CPU = Debug|Any CPU
		Release|Any CPU = Release|Any CPU
	EndGlobalSection
	GlobalSection(ProjectConfigurationPlatforms) = postSolution
		{1880E03C-BD05-4EAB-B09E-409C95CB1616}.Debug|Any CPU.ActiveCfg = Debug|Any CPU
		{1880E03C-BD05-4EAB-B09E-409C95CB1616}.Debug|Any CPU.Build.0 = Debug|Any CPU
		{1880E03C-BD05-4EAB-B09E-409C95CB1616}.Release|Any CPU.ActiveCfg = Release|Any CPU
		{1880E03C-BD05-4EAB-B09E-409C95CB1616}.Release|Any CPU.Build.0 = Release|Any CPU
		{06D2AE86-0B24-4B4C-9907-117AE1A66D31}.Debug|Any CPU.ActiveCfg = Debug|Any CPU
		{06D2AE86-0B24-4B4C-9907-117AE1A66D31}.Debug|Any CPU.Build.0 = Debug|Any CPU
		{06D2AE86-0B24-4B4C-9907-117AE1A66D31}.Release|Any CPU.ActiveCfg = Release|Any CPU
		{06D2AE86-0B24-4B4C-9907-117AE1A66D31}.Release|Any CPU.Build.0 = Release|Any CPU
	EndGlobalSection
	GlobalSection(SolutionProperties) = preSolution
		HideSolutionNode = FALSE
	EndGlobalSection
	GlobalSection(ExtensibilityGlobals) = postSolution
		SolutionGuid = {2A9A0C15-24D8-4B86-8CEB-35934F0F51DB}
	EndGlobalSection
EndGlobal
